
Microsoft Visual Studio Solution File, Format Version 12.00
# Visual Studio Version 17
VisualStudioVersion = 17.14.37411.7
MinimumVisualStudioVersion = 10.0.40219.1
Project("{FAE04EC0-301F-11D3-BF4B-00C04F79EFBC}") = "CastJournal.Api", "CastJournal.Api\CastJournal.Api.csproj", "{23FAFCB9-AD1D-4EF5-813F-A9F737E22848}"
EndProject
Project("{FAE04EC0-301F-11D3-BF4B-00C04F79EFBC}") = "CastJournal.Domain", "CastJournal.Domain\CastJournal.Domain.csproj", "{7834C73A-D043-4F38-97F2-5EC2DF93F59C}"
EndProject
Project("{FAE04EC0-301F-11D3-BF4B-00C04F79EFBC}") = "CastJournal.Application", "CastJournal.Application\CastJournal.Application.csproj", "{8F5BE75D-5671-4B49-884D-017051E76157}"
EndProject
Project("{FAE04EC0-301F-11D3-BF4B-00C04F79EFBC}") = "CastJournal.Infrastructure", "CastJournal.Infrastructure\CastJournal.Infrastructure.csproj", "{3AEAAB62-E521-479D-9B65-825522E30A6B}"
EndProject
Project("{FAE04EC0-301F-11D3-BF4B-00C04F79EFBC}") = "CastJournal.Common", "CastJournal.Common\CastJournal.Common.csproj", "{07FC4BA9-E68D-42F0-A808-8D4BE7C88B8A}"
EndProject
Global
	GlobalSection(SolutionConfigurationPlatforms) = preSolution
		Debug|Any CPU = Debug|Any CPU
		Release|Any CPU = Release|Any CPU
	EndGlobalSection
	GlobalSection(ProjectConfigurationPlatforms) = postSolution
		{23FAFCB9-AD1D-4EF5-813F-A9F737E22848}.Debug|Any CPU.ActiveCfg = Debug|Any CPU
		{23FAFCB9-AD1D-4EF5-813F-A9F737E22848}.Debug|Any CPU.Build.0 = Debug|Any CPU
		{23FAFCB9-AD1D-4EF5-813F-A9F737E22848}.Release|Any CPU.ActiveCfg = Release|Any CPU
		{23FAFCB9-AD1D-4EF5-813F-A9F737E22848}.Release|Any CPU.Build.0 = Release|Any CPU
		{7834C73A-D043-4F38-97F2-5EC2DF93F59C}.Debug|Any CPU.ActiveCfg = Debug|Any CPU
		{7834C73A-D043-4F38-97F2-5EC2DF93F59C}.Debug|Any CPU.Build.0 = Debug|Any CPU
		{7834C73A-D043-4F38-97F2-5EC2DF93F59C}.Release|Any CPU.ActiveCfg = Release|Any CPU
		{7834C73A-D043-4F38-97F2-5EC2DF93F59C}.Release|Any CPU.Build.0 = Release|Any CPU
		{8F5BE75D-5671-4B49-884D-017051E76157}.Debug|Any CPU.ActiveCfg = Debug|Any CPU
		{8F5BE75D-5671-4B49-884D-017051E76157}.Debug|Any CPU.Build.0 = Debug|Any CPU
		{8F5BE75D-5671-4B49-884D-017051E76157}.Release|Any CPU.ActiveCfg = Release|Any CPU
		{8F5BE75D-5671-4B49-884D-017051E76157}.Release|Any CPU.Build.0 = Release|Any CPU
		{3AEAAB62-E521-479D-9B65-825522E30A6B}.Debug|Any CPU.ActiveCfg = Debug|Any CPU
		{3AEAAB62-E521-479D-9B65-825522E30A6B}.Debug|Any CPU.Build.0 = Debug|Any CPU
		{3AEAAB62-E521-479D-9B65-825522E30A6B}.Release|Any CPU.ActiveCfg = Release|Any CPU
		{3AEAAB62-E521-479D-9B65-825522E30A6B}.Release|Any CPU.Build.0 = Release|Any CPU
		{07FC4BA9-E68D-42F0-A808-8D4BE7C88B8A}.Debug|Any CPU.ActiveCfg = Debug|Any CPU
		{07FC4BA9-E68D-42F0-A808-8D4BE7C88B8A}.Debug|Any CPU.Build.0 = Debug|Any CPU
		{07FC4BA9-E68D-42F0-A808-8D4BE7C88B8A}.Release|Any CPU.ActiveCfg = Release|Any CPU
		{07FC4BA9-E68D-42F0-A808-8D4BE7C88B8A}.Release|Any CPU.Build.0 = Release|Any CPU
	EndGlobalSection
	GlobalSection(SolutionProperties) = preSolution
		HideSolutionNode = FALSE
	EndGlobalSection
	GlobalSection(ExtensibilityGlobals) = postSolution
		SolutionGuid = {1D69FEA4-C889-4201-869B-531DAD8A4C06}
	EndGlobalSection
EndGlobal
